
Microsoft Visual Studio Solution File, Format Version 12.00
# Visual Studio 15
VisualStudioVersion = 15.0.27004.2002
MinimumVisualStudioVersion = 10.0.40219.1
Project("{FAE04EC0-301F-11D3-BF4B-00C04F79EFBC}") = "IBAMembersApp", "IBAMembersApp\IBAMembersApp.csproj", "{C7C09F0D-FACF-4A17-B28C-CC5CE38731B8}"
EndProject
Project("{FAE04EC0-301F-11D3-BF4B-00C04F79EFBC}") = "compsoft-web-template", "compsoft-web-template\compsoft-web-template.csproj", "{EE662B48-0465-4995-8E37-A8E2E9517B8A}"
EndProject
Project("{FAE04EC0-301F-11D3-BF4B-00C04F79EFBC}") = "IBA_Common", "IBA_Common\IBA_Common.csproj", "{EDF8CCC0-B0ED-4B23-9ED3-1416DBE44E5F}"
EndProject
Project("{FAE04EC0-301F-11D3-BF4B-00C04F79EFBC}") = "UnitTests", "UnitTests\UnitTests.csproj", "{4F93763E-07B8-4D36-A96D-D8F0D84ED2DA}"
EndProject
Project("{FAE04EC0-301F-11D3-BF4B-00C04F79EFBC}") = "MessagingService", "MessagingService\MessagingService.csproj", "{DB980379-77B9-419D-97AC-FF98A698B490}"
EndProject
Global
	GlobalSection(SolutionConfigurationPlatforms) = preSolution
		AWS|Any CPU = AWS|Any CPU
		Debug|Any CPU = Debug|Any CPU
		IBA Staging|Any CPU = IBA Staging|Any CPU
		IBA|Any CPU = IBA|Any CPU
		Release|Any CPU = Release|Any CPU
	EndGlobalSection
	GlobalSection(ProjectConfigurationPlatforms) = postSolution
		{C7C09F0D-FACF-4A17-B28C-CC5CE38731B8}.AWS|Any CPU.ActiveCfg = AWS|Any CPU
		{C7C09F0D-FACF-4A17-B28C-CC5CE38731B8}.AWS|Any CPU.Build.0 = AWS|Any CPU
		{C7C09F0D-FACF-4A17-B28C-CC5CE38731B8}.Debug|Any CPU.ActiveCfg = Debug|Any CPU
		{C7C09F0D-FACF-4A17-B28C-CC5CE38731B8}.Debug|Any CPU.Build.0 = Debug|Any CPU
		{C7C09F0D-FACF-4A17-B28C-CC5CE38731B8}.IBA Staging|Any CPU.ActiveCfg = IBA Staging|Any CPU
		{C7C09F0D-FACF-4A17-B28C-CC5CE38731B8}.IBA Staging|Any CPU.Build.0 = IBA Staging|Any CPU
		{C7C09F0D-FACF-4A17-B28C-CC5CE38731B8}.IBA|Any CPU.ActiveCfg = IBA|Any CPU
		{C7C09F0D-FACF-4A17-B28C-CC5CE38731B8}.IBA|Any CPU.Build.0 = IBA|Any CPU
		{C7C09F0D-FACF-4A17-B28C-CC5CE38731B8}.Release|Any CPU.ActiveCfg = Release|Any CPU
		{C7C09F0D-FACF-4A17-B28C-CC5CE38731B8}.Release|Any CPU.Build.0 = Release|Any CPU
		{EE662B48-0465-4995-8E37-A8E2E9517B8A}.AWS|Any CPU.ActiveCfg = AWS|Any CPU
		{EE662B48-0465-4995-8E37-A8E2E9517B8A}.AWS|Any CPU.Build.0 = AWS|Any CPU
		{EE662B48-0465-4995-8E37-A8E2E9517B8A}.Debug|Any CPU.ActiveCfg = Debug|Any CPU
		{EE662B48-0465-4995-8E37-A8E2E9517B8A}.Debug|Any CPU.Build.0 = Debug|Any CPU
		{EE662B48-0465-4995-8E37-A8E2E9517B8A}.IBA Staging|Any CPU.ActiveCfg = IBA Staging|Any CPU
		{EE662B48-0465-4995-8E37-A8E2E9517B8A}.IBA Staging|Any CPU.Build.0 = IBA Staging|Any CPU
		{EE662B48-0465-4995-8E37-A8E2E9517B8A}.IBA|Any CPU.ActiveCfg = Release|Any CPU
		{EE662B48-0465-4995-8E37-A8E2E9517B8A}.IBA|Any CPU.Build.0 = Release|Any CPU
		{EE662B48-0465-4995-8E37-A8E2E9517B8A}.Release|Any CPU.ActiveCfg = Release|Any CPU
		{EE662B48-0465-4995-8E37-A8E2E9517B8A}.Release|Any CPU.Build.0 = Release|Any CPU
		{EDF8CCC0-B0ED-4B23-9ED3-1416DBE44E5F}.AWS|Any CPU.ActiveCfg = AWS|Any CPU
		{EDF8CCC0-B0ED-4B23-9ED3-1416DBE44E5F}.AWS|Any CPU.Build.0 = AWS|Any CPU
		{EDF8CCC0-B0ED-4B23-9ED3-1416DBE44E5F}.Debug|Any CPU.ActiveCfg = Debug|Any CPU
		{EDF8CCC0-B0ED-4B23-9ED3-1416DBE44E5F}.Debug|Any CPU.Build.0 = Debug|Any CPU
		{EDF8CCC0-B0ED-4B23-9ED3-1416DBE44E5F}.IBA Staging|Any CPU.ActiveCfg = IBA Staging|Any CPU
		{EDF8CCC0-B0ED-4B23-9ED3-1416DBE44E5F}.IBA Staging|Any CPU.Build.0 = IBA Staging|Any CPU
		{EDF8CCC0-B0ED-4B23-9ED3-1416DBE44E5F}.IBA|Any CPU.ActiveCfg = Release|Any CPU
		{EDF8CCC0-B0ED-4B23-9ED3-1416DBE44E5F}.IBA|Any CPU.Build.0 = Release|Any CPU
		{EDF8CCC0-B0ED-4B23-9ED3-1416DBE44E5F}.Release|Any CPU.ActiveCfg = Release|Any CPU
		{EDF8CCC0-B0ED-4B23-9ED3-1416DBE44E5F}.Release|Any CPU.Build.0 = Release|Any CPU
		{4F93763E-07B8-4D36-A96D-D8F0D84ED2DA}.AWS|Any CPU.ActiveCfg = AWS|Any CPU
		{4F93763E-07B8-4D36-A96D-D8F0D84ED2DA}.AWS|Any CPU.Build.0 = AWS|Any CPU
		{4F93763E-07B8-4D36-A96D-D8F0D84ED2DA}.Debug|Any CPU.ActiveCfg = Debug|Any CPU
		{4F93763E-07B8-4D36-A96D-D8F0D84ED2DA}.Debug|Any CPU.Build.0 = Debug|Any CPU
		{4F93763E-07B8-4D36-A96D-D8F0D84ED2DA}.IBA Staging|Any CPU.ActiveCfg = IBA Staging|Any CPU
		{4F93763E-07B8-4D36-A96D-D8F0D84ED2DA}.IBA Staging|Any CPU.Build.0 = IBA Staging|Any CPU
		{4F93763E-07B8-4D36-A96D-D8F0D84ED2DA}.IBA|Any CPU.ActiveCfg = Release|Any CPU
		{4F93763E-07B8-4D36-A96D-D8F0D84ED2DA}.IBA|Any CPU.Build.0 = Release|Any CPU
		{4F93763E-07B8-4D36-A96D-D8F0D84ED2DA}.Release|Any CPU.ActiveCfg = Release|Any CPU
		{4F93763E-07B8-4D36-A96D-D8F0D84ED2DA}.Release|Any CPU.Build.0 = Release|Any CPU
		{DB980379-77B9-419D-97AC-FF98A698B490}.AWS|Any CPU.ActiveCfg = AWS|Any CPU
		{DB980379-77B9-419D-97AC-FF98A698B490}.AWS|Any CPU.Build.0 = AWS|Any CPU
		{DB980379-77B9-419D-97AC-FF98A698B490}.Debug|Any CPU.ActiveCfg = Debug|Any CPU
		{DB980379-77B9-419D-97AC-FF98A698B490}.Debug|Any CPU.Build.0 = Debug|Any CPU
		{DB980379-77B9-419D-97AC-FF98A698B490}.IBA Staging|Any CPU.ActiveCfg = IBA Staging|Any CPU
		{DB980379-77B9-419D-97AC-FF98A698B490}.IBA Staging|Any CPU.Build.0 = IBA Staging|Any CPU
		{DB980379-77B9-419D-97AC-FF98A698B490}.IBA|Any CPU.ActiveCfg = IBA|Any CPU
		{DB980379-77B9-419D-97AC-FF98A698B490}.IBA|Any CPU.Build.0 = IBA|Any CPU
		{DB980379-77B9-419D-97AC-FF98A698B490}.Release|Any CPU.ActiveCfg = Release|Any CPU
		{DB980379-77B9-419D-97AC-FF98A698B490}.Release|Any CPU.Build.0 = Release|Any CPU
	EndGlobalSection
	GlobalSection(SolutionProperties) = preSolution
		HideSolutionNode = FALSE
	EndGlobalSection
	GlobalSection(ExtensibilityGlobals) = postSolution
		SolutionGuid = {81D63046-BBBA-4C8F-863A-ABBD8F25C9B4}
	EndGlobalSection
EndGlobal
